
Microsoft Visual Studio Solution File, Format Version 12.00
# Visual Studio Version 17
VisualStudioVersion = 17.11.35327.3
MinimumVisualStudioVersion = 10.0.40219.1
Project("{888888A0-9F3D-457C-B088-3A5042F75D52}") = "CombativeKoalas_Assignment11", "CombativeKoalas_Assignment11.pyproj", "{0BB441DA-BEA3-47BF-A7D2-92D36B648825}"
EndProject
Global
	GlobalSection(SolutionConfigurationPlatforms) = preSolution
		Debug|Any CPU = Debug|Any CPU
		Release|Any CPU = Release|Any CPU
	EndGlobalSection
	GlobalSection(ProjectConfigurationPlatforms) = postSolution
		{0BB441DA-BEA3-47BF-A7D2-92D36B648825}.Debug|Any CPU.ActiveCfg = Debug|Any CPU
		{0BB441DA-BEA3-47BF-A7D2-92D36B648825}.Release|Any CPU.ActiveCfg = Release|Any CPU
	EndGlobalSection
	GlobalSection(SolutionProperties) = preSolution
		HideSolutionNode = FALSE
	EndGlobalSection
	GlobalSection(ExtensibilityGlobals) = postSolution
		SolutionGuid = {B6614AAE-B5FC-472F-9D7D-AE678EB90BCC}
	EndGlobalSection
EndGlobal
